
Microsoft Visual Studio Solution File, Format Version 12.00
# Visual Studio 15
VisualStudioVersion = 15.0.27428.2015
MinimumVisualStudioVersion = 10.0.40219.1
Project("{FAE04EC0-301F-11D3-BF4B-00C04F79EFBC}") = "EmployeeHierarchy", "Employee_Hierarchy\EmployeeHierarchy.csproj", "{D1D14391-27E3-4F95-A337-BEA1B6F2CCEA}"
EndProject
Project("{FAE04EC0-301F-11D3-BF4B-00C04F79EFBC}") = "UnitTest_EmployeeHierarchy", "UnitTest_EmployeeHierarchy\UnitTest_EmployeeHierarchy.csproj", "{5CADDD57-3CBA-4DE6-9D81-D5D337BE21D6}"
EndProject
Global
	GlobalSection(SolutionConfigurationPlatforms) = preSolution
		Debug|Any CPU = Debug|Any CPU
		Release|Any CPU = Release|Any CPU
	EndGlobalSection
	GlobalSection(ProjectConfigurationPlatforms) = postSolution
		{D1D14391-27E3-4F95-A337-BEA1B6F2CCEA}.Debug|Any CPU.ActiveCfg = Debug|Any CPU
		{D1D14391-27E3-4F95-A337-BEA1B6F2CCEA}.Debug|Any CPU.Build.0 = Debug|Any CPU
		{D1D14391-27E3-4F95-A337-BEA1B6F2CCEA}.Release|Any CPU.ActiveCfg = Release|Any CPU
		{D1D14391-27E3-4F95-A337-BEA1B6F2CCEA}.Release|Any CPU.Build.0 = Release|Any CPU
		{5CADDD57-3CBA-4DE6-9D81-D5D337BE21D6}.Debug|Any CPU.ActiveCfg = Debug|Any CPU
		{5CADDD57-3CBA-4DE6-9D81-D5D337BE21D6}.Debug|Any CPU.Build.0 = Debug|Any CPU
		{5CADDD57-3CBA-4DE6-9D81-D5D337BE21D6}.Release|Any CPU.ActiveCfg = Release|Any CPU
		{5CADDD57-3CBA-4DE6-9D81-D5D337BE21D6}.Release|Any CPU.Build.0 = Release|Any CPU
	EndGlobalSection
	GlobalSection(SolutionProperties) = preSolution
		HideSolutionNode = FALSE
	EndGlobalSection
	GlobalSection(ExtensibilityGlobals) = postSolution
		SolutionGuid = {8F0FC4C3-84C7-4F6C-B377-1B5B4EC15C06}
	EndGlobalSection
EndGlobal
